
Microsoft Visual Studio Solution File, Format Version 12.00
# Visual Studio Version 17
VisualStudioVersion = 17.14.36511.14 d17.14
MinimumVisualStudioVersion = 10.0.40219.1
Project("{FAE04EC0-301F-11D3-BF4B-00C04F79EFBC}") = "UdpChatApp", "UdpChatApp\UdpChatApp.csproj", "{084F5450-EED0-45DE-9F44-ECE88532CF13}"
EndProject
Global
	GlobalSection(SolutionConfigurationPlatforms) = preSolution
		Debug|Any CPU = Debug|Any CPU
		Release|Any CPU = Release|Any CPU
	EndGlobalSection
	GlobalSection(ProjectConfigurationPlatforms) = postSolution
		{084F5450-EED0-45DE-9F44-ECE88532CF13}.Debug|Any CPU.ActiveCfg = Debug|Any CPU
		{084F5450-EED0-45DE-9F44-ECE88532CF13}.Debug|Any CPU.Build.0 = Debug|Any CPU
		{084F5450-EED0-45DE-9F44-ECE88532CF13}.Release|Any CPU.ActiveCfg = Release|Any CPU
		{084F5450-EED0-45DE-9F44-ECE88532CF13}.Release|Any CPU.Build.0 = Release|Any CPU
	EndGlobalSection
	GlobalSection(SolutionProperties) = preSolution
		HideSolutionNode = FALSE
	EndGlobalSection
	GlobalSection(ExtensibilityGlobals) = postSolution
		SolutionGuid = {3BB85DEC-FD77-4E14-B027-1FB1DAB7FE4A}
	EndGlobalSection
EndGlobal
